
Microsoft Visual Studio Solution File, Format Version 12.00
# Visual Studio 15
VisualStudioVersion = 15.0.28307.421
MinimumVisualStudioVersion = 10.0.40219.1
Project("{FAE04EC0-301F-11D3-BF4B-00C04F79EFBC}") = "DatabaseFirstDemo", "DatabaseFirstDemo\DatabaseFirstDemo.csproj", "{031C2C54-2EF3-4624-B28A-A978FBCFC671}"
EndProject
Global
	GlobalSection(SolutionConfigurationPlatforms) = preSolution
		Debug|Any CPU = Debug|Any CPU
		Release|Any CPU = Release|Any CPU
	EndGlobalSection
	GlobalSection(ProjectConfigurationPlatforms) = postSolution
		{031C2C54-2EF3-4624-B28A-A978FBCFC671}.Debug|Any CPU.ActiveCfg = Debug|Any CPU
		{031C2C54-2EF3-4624-B28A-A978FBCFC671}.Debug|Any CPU.Build.0 = Debug|Any CPU
		{031C2C54-2EF3-4624-B28A-A978FBCFC671}.Release|Any CPU.ActiveCfg = Release|Any CPU
		{031C2C54-2EF3-4624-B28A-A978FBCFC671}.Release|Any CPU.Build.0 = Release|Any CPU
	EndGlobalSection
	GlobalSection(SolutionProperties) = preSolution
		HideSolutionNode = FALSE
	EndGlobalSection
	GlobalSection(ExtensibilityGlobals) = postSolution
		SolutionGuid = {F49B3396-87D4-45D5-96DD-6145770A8A98}
	EndGlobalSection
EndGlobal
