
Microsoft Visual Studio Solution File, Format Version 12.00
# Visual Studio 15
VisualStudioVersion = 15.0.28307.421
MinimumVisualStudioVersion = 10.0.40219.1
Project("{FAE04EC0-301F-11D3-BF4B-00C04F79EFBC}") = "CodeFirstWorkflow", "CodeFirstWorkflow\CodeFirstWorkflow.csproj", "{A8523E7B-356D-4727-A9DF-3D38F0FB5BD9}"
EndProject
Global
	GlobalSection(SolutionConfigurationPlatforms) = preSolution
		Debug|Any CPU = Debug|Any CPU
		Release|Any CPU = Release|Any CPU
	EndGlobalSection
	GlobalSection(ProjectConfigurationPlatforms) = postSolution
		{A8523E7B-356D-4727-A9DF-3D38F0FB5BD9}.Debug|Any CPU.ActiveCfg = Debug|Any CPU
		{A8523E7B-356D-4727-A9DF-3D38F0FB5BD9}.Debug|Any CPU.Build.0 = Debug|Any CPU
		{A8523E7B-356D-4727-A9DF-3D38F0FB5BD9}.Release|Any CPU.ActiveCfg = Release|Any CPU
		{A8523E7B-356D-4727-A9DF-3D38F0FB5BD9}.Release|Any CPU.Build.0 = Release|Any CPU
	EndGlobalSection
	GlobalSection(SolutionProperties) = preSolution
		HideSolutionNode = FALSE
	EndGlobalSection
	GlobalSection(ExtensibilityGlobals) = postSolution
		SolutionGuid = {0CBE1899-6087-4B76-861E-66F60A81E747}
	EndGlobalSection
EndGlobal
